{
  "version": "3",
  "packages": {
    "specifiers": {
      "jsr:@cotyhamilton/lucia-adapter-denokv@0": "jsr:@cotyhamilton/lucia-adapter-denokv@0.1.1",
      "jsr:@cotyhamilton/lucia-adapter-denokv@^0.1.1": "jsr:@cotyhamilton/lucia-adapter-denokv@0.1.1",
      "jsr:@std/dotenv@^0.224.0": "jsr:@std/dotenv@0.224.0",
      "npm:arctic@1.1.0": "npm:arctic@1.1.0",
      "npm:lucia@3": "npm:lucia@3.0.1",
      "npm:lucia@3.0.1": "npm:lucia@3.0.1",
      "npm:superjson@1.13.3": "npm:superjson@1.13.3"
    },
    "jsr": {
      "@cotyhamilton/lucia-adapter-denokv@0.1.1": {
        "integrity": "f43bf404371a66b9d60e48c8ec8a047af412c837bcecd43525e3a85760055b70",
        "dependencies": [
          "npm:lucia@3"
        ]
      },
      "@std/dotenv@0.224.0": {
        "integrity": "d9234cdf551507dcda60abb6c474289843741d8c07ee8ce540c60f5c1b220a1d"
      }
    },
    "npm": {
      "@emnapi/core@1.1.1": {
        "integrity": "sha512-eu4KjHfXg3I+UUR7vSuwZXpRo4c8h4Rtb5Lu2F7Z4JqJFl/eidquONEBiRs6viXKpWBC3BaJBy68xGJ2j56idw==",
        "dependencies": {
          "tslib": "tslib@2.6.2"
        }
      },
      "@emnapi/runtime@1.1.1": {
        "integrity": "sha512-3bfqkzuR1KLx57nZfjr2NLnFOobvyS0aTszaEGCGqmYMVDRaGvgIZbjGSV/MHSSmLgQ/b9JFHQ5xm5WRZYd+XQ==",
        "dependencies": {
          "tslib": "tslib@2.6.2"
        }
      },
      "@napi-rs/wasm-runtime@0.1.2": {
        "integrity": "sha512-8JuczewTFIZ/XIjHQ+YlQUydHvlKx2hkcxtuGwh+t/t5zWyZct6YG4+xjHcq8xyc/e7FmFwf42Zj2YgICwmlvA==",
        "dependencies": {
          "@emnapi/core": "@emnapi/core@1.1.1",
          "@emnapi/runtime": "@emnapi/runtime@1.1.1",
          "@tybys/wasm-util": "@tybys/wasm-util@0.8.3"
        }
      },
      "@node-rs/argon2-android-arm-eabi@1.7.2": {
        "integrity": "sha512-WhW84XOzdR4AOGc4BJvIg5lCRVBL0pXp/PPCe8QCyWw493p7VdNCdYpr2xdtjS/0zImmY85HNB/6zpzjLRTT/A==",
        "dependencies": {}
      },
      "@node-rs/argon2-android-arm64@1.7.2": {
        "integrity": "sha512-CdtayHSMIyDuVhSYFirwA757c4foQuyTjpysgFJLHweP9C7uDiBf9WBYij+UyabpaCadJ0wPyK6Vakinvlk4/g==",
        "dependencies": {}
      },
      "@node-rs/argon2-darwin-arm64@1.7.2": {
        "integrity": "sha512-hUOhtgYHTEyzX5sgMZVdXunONOus2HWpWydF5D/RYJ1mZ76FXRnFpQE40DqbzisdPIraKdn40m7JqkPP7wqdyg==",
        "dependencies": {}
      },
      "@node-rs/argon2-darwin-x64@1.7.2": {
        "integrity": "sha512-lfs5HX+t542yUfcv6Aa/NeGD1nUCwyQNgnPEGcik71Ow6V13hkR1bHgmT1u3CHN4fBts0gW+DQEDsq1xlVgkvw==",
        "dependencies": {}
      },
      "@node-rs/argon2-freebsd-x64@1.7.2": {
        "integrity": "sha512-ROoF+4VaCBJUjddrTN1hjuqSl89ppRcjVXJscSPJjWzTlbzFmGGovJvIzUBmCr/Oq3yM1zKHj6MP9oRD5cB+/g==",
        "dependencies": {}
      },
      "@node-rs/argon2-linux-arm-gnueabihf@1.7.2": {
        "integrity": "sha512-CBSB8KPI8LS74Bcz3dYaa2/khULutz4vSDvFWUERlSLX+mPdDhoZi6UPuUPPF9e01w8AbiK1YCqlLUTm3tIMfw==",
        "dependencies": {}
      },
      "@node-rs/argon2-linux-arm64-gnu@1.7.2": {
        "integrity": "sha512-6LBTug6ZiWFakP3X3Nqs7ZTM03gmcSWX4YvEn20HhhQE5NDrsrw3zNqGj0cJiNzKKIMSDDuj7uGy+ITEfNo4CA==",
        "dependencies": {}
      },
      "@node-rs/argon2-linux-arm64-musl@1.7.2": {
        "integrity": "sha512-KjhQ+ZPne29t9VRVeIif7JdKwQba+tM6CBNYBoJB1iON0CUKeqSQtZcHuTj9gkf2SNRG5bsU4ABcfxd0OKsKHg==",
        "dependencies": {}
      },
      "@node-rs/argon2-linux-x64-gnu@1.7.2": {
        "integrity": "sha512-BQvp+iLtKqomHz4q5t1aKoni9osgvUDU5sZtHAlFm5dRTlGHnympcQVATRE5GHyH9C6MIM9W7P1kqEeCLGPolQ==",
        "dependencies": {}
      },
      "@node-rs/argon2-linux-x64-musl@1.7.2": {
        "integrity": "sha512-yXJudpBZQ98g+lWaHn9EzZ5KsAyqRdlpub/K+5NP7gHehb8wzBRIFAejIHAG0fvzQEEc86VOnV2koWIVZxWAvw==",
        "dependencies": {}
      },
      "@node-rs/argon2-wasm32-wasi@1.7.2": {
        "integrity": "sha512-diXlVjJZY2GIV8ZDwUqXPhacXsFR0klGSv5D9f+XidwWXK4udtzDhkM/7N/Mb7h1HAWaxZ6IN9spYFjvWH1wqg==",
        "dependencies": {
          "@napi-rs/wasm-runtime": "@napi-rs/wasm-runtime@0.1.2"
        }
      },
      "@node-rs/argon2-win32-arm64-msvc@1.7.2": {
        "integrity": "sha512-dhIBrY04P9nbmwzBpgERQDmmSu4YBZyeEE32t4TikMz5rQ07iaVC+JpGmtCBZoDIsLDHGC8cikENd3YEqpqIcA==",
        "dependencies": {}
      },
      "@node-rs/argon2-win32-ia32-msvc@1.7.2": {
        "integrity": "sha512-o1tfqr8gyALCzuxBoQfvhxkeYMaw/0H8Gmt7klTYyEIBvEFu7SD5qytXO9Px7t5420nZL/Wy5cflg3IB1s57Pg==",
        "dependencies": {}
      },
      "@node-rs/argon2-win32-x64-msvc@1.7.2": {
        "integrity": "sha512-v0h53XUc7hNgWiWi0qcMcHvj9/kwuItI9NwLK4C+gtzT3UB0cedhfIL8HFMKThMXasy41ZdbpCF2Bi0kJoLNEg==",
        "dependencies": {}
      },
      "@node-rs/argon2@1.7.2": {
        "integrity": "sha512-+H6pc3M1vIX9YnG59YW7prHhhpv19P8YyxlXHnnFzTimf2q+kKDF7mGWbhvN9STqIY+P70Patn0Q6qb6Ib5/4g==",
        "dependencies": {
          "@node-rs/argon2-android-arm-eabi": "@node-rs/argon2-android-arm-eabi@1.7.2",
          "@node-rs/argon2-android-arm64": "@node-rs/argon2-android-arm64@1.7.2",
          "@node-rs/argon2-darwin-arm64": "@node-rs/argon2-darwin-arm64@1.7.2",
          "@node-rs/argon2-darwin-x64": "@node-rs/argon2-darwin-x64@1.7.2",
          "@node-rs/argon2-freebsd-x64": "@node-rs/argon2-freebsd-x64@1.7.2",
          "@node-rs/argon2-linux-arm-gnueabihf": "@node-rs/argon2-linux-arm-gnueabihf@1.7.2",
          "@node-rs/argon2-linux-arm64-gnu": "@node-rs/argon2-linux-arm64-gnu@1.7.2",
          "@node-rs/argon2-linux-arm64-musl": "@node-rs/argon2-linux-arm64-musl@1.7.2",
          "@node-rs/argon2-linux-x64-gnu": "@node-rs/argon2-linux-x64-gnu@1.7.2",
          "@node-rs/argon2-linux-x64-musl": "@node-rs/argon2-linux-x64-musl@1.7.2",
          "@node-rs/argon2-wasm32-wasi": "@node-rs/argon2-wasm32-wasi@1.7.2",
          "@node-rs/argon2-win32-arm64-msvc": "@node-rs/argon2-win32-arm64-msvc@1.7.2",
          "@node-rs/argon2-win32-ia32-msvc": "@node-rs/argon2-win32-ia32-msvc@1.7.2",
          "@node-rs/argon2-win32-x64-msvc": "@node-rs/argon2-win32-x64-msvc@1.7.2"
        }
      },
      "@node-rs/bcrypt-android-arm-eabi@1.9.2": {
        "integrity": "sha512-er/Q2khwpan9pczvTTqY/DJE4UU65u31xd0NkZlHUTKyB7djRhWfzoGexGx2GN+k831/RR3U8kKE/8QUHeO3hQ==",
        "dependencies": {}
      },
      "@node-rs/bcrypt-android-arm64@1.9.2": {
        "integrity": "sha512-OUYatOEG5vbLbF73q2TC8UqrDO81zUQxnaFD/OAB1hcm6J+ur0zJ8E53c35/DIqkTp7JarPMraC4rouJ2ugN4w==",
        "dependencies": {}
      },
      "@node-rs/bcrypt-darwin-arm64@1.9.2": {
        "integrity": "sha512-svJKsGbzMAxOB5oluOYneN4YkKUy26WSMgm3KOIhgoX30IeMilj+2jFN/5qrI0oDZ0Iczb3XyL5DuZFtEkdP8A==",
        "dependencies": {}
      },
      "@node-rs/bcrypt-darwin-x64@1.9.2": {
        "integrity": "sha512-9OrySjBi/rWix8NZWD/TrNbNcwMY0pAiMHdL09aJnJ07uPih83GGh1pq4UHCYFCMy7iTX8swOmDlGBUImkOZbg==",
        "dependencies": {}
      },
      "@node-rs/bcrypt-freebsd-x64@1.9.2": {
        "integrity": "sha512-/djXV71RO6g5L1mI2pVvmp3x3pH7G4uKI3ODG1JBIXoz334oOcCMh40sB0uq0ljP8WEadker01p4T1rJE98fpg==",
        "dependencies": {}
      },
      "@node-rs/bcrypt-linux-arm-gnueabihf@1.9.2": {
        "integrity": "sha512-F7wP950OTAooxEleUN4I2hqryGZK7hi1cSgRF13Wvbc597RFux35KiSxIXUA3mNt2DE7lV2PeceEtCOScaThWQ==",
        "dependencies": {}
      },
      "@node-rs/bcrypt-linux-arm64-gnu@1.9.2": {
        "integrity": "sha512-MehG+yQ0TgKMgKR1rO4hdvHkVsTM91Cof8qI9EJlS5+7+QSwfFA5O0zGwCkISD7bsyauJ5uJgcByGjpEobAHOg==",
        "dependencies": {}
      },
      "@node-rs/bcrypt-linux-arm64-musl@1.9.2": {
        "integrity": "sha512-PRZTAJjOwKEGsIhmBvfNh81So+wGl4QyCFAt23j+KwBujLStjC0N3YaqtTlWVKG9tcriPtmMYiAQtXWIyIgg/w==",
        "dependencies": {}
      },
      "@node-rs/bcrypt-linux-x64-gnu@1.9.2": {
        "integrity": "sha512-5WfGO+O1m7nJ55WZ8XDq+ItA98Z4O7sNWsR+1nIj9YGT+Tx5zkQ2RBhpK6oCWZMluuZ0eKQ0FDmyP6K+2NDRIA==",
        "dependencies": {}
      },
      "@node-rs/bcrypt-linux-x64-musl@1.9.2": {
        "integrity": "sha512-VjCn0388p6PMCVUYHgYmHZrKNc7WwNJRr2WLJsHbQRGDOKbpNL6YolCjQxUchcSPDhzwrq1cIdy4j0fpoXEsdw==",
        "dependencies": {}
      },
      "@node-rs/bcrypt-wasm32-wasi@1.9.2": {
        "integrity": "sha512-P06aHfMzm9makwU+nM7WA65yQnS1xuqJ8l/6I/LvXjnl+lfB3DtJ2B0CSLtjnUGpUgcHbWl5gEbNnTPxSAirjQ==",
        "dependencies": {
          "@napi-rs/wasm-runtime": "@napi-rs/wasm-runtime@0.1.2"
        }
      },
      "@node-rs/bcrypt-win32-arm64-msvc@1.9.2": {
        "integrity": "sha512-Iyo/Q5/eNw27VRd3mLBgh1b9b5fnT3QHTVwxv3Siv/MRAIfJXH/cTOe18qSwYQzNh0ZioW4yemFPYCWSZi7szA==",
        "dependencies": {}
      },
      "@node-rs/bcrypt-win32-ia32-msvc@1.9.2": {
        "integrity": "sha512-6LHWMaPylyyHoS5863YpxAACVB8DWCxro5W6pQ4h8WKSgHpJp8Um9jphTdN0A2w45HZjUnfcFuiFFC+TbftjCw==",
        "dependencies": {}
      },
      "@node-rs/bcrypt-win32-x64-msvc@1.9.2": {
        "integrity": "sha512-vZ9T1MOaYkLO9FTyl28YX0SYJneiYTKNFgM8PUv8nas8xrD+7OzokA0fEtlNp6413T7IKSD/iG9qi8nTWsiyGg==",
        "dependencies": {}
      },
      "@node-rs/bcrypt@1.9.2": {
        "integrity": "sha512-FKUo9iCSIti+ldwoOlY1ztyIFhZxEgT7jZ/UCt/9bg1rLmNdbQQD2JKIMImDCqmTWuLPY4ZF4Q5MyOMIfDCd8Q==",
        "dependencies": {
          "@node-rs/bcrypt-android-arm-eabi": "@node-rs/bcrypt-android-arm-eabi@1.9.2",
          "@node-rs/bcrypt-android-arm64": "@node-rs/bcrypt-android-arm64@1.9.2",
          "@node-rs/bcrypt-darwin-arm64": "@node-rs/bcrypt-darwin-arm64@1.9.2",
          "@node-rs/bcrypt-darwin-x64": "@node-rs/bcrypt-darwin-x64@1.9.2",
          "@node-rs/bcrypt-freebsd-x64": "@node-rs/bcrypt-freebsd-x64@1.9.2",
          "@node-rs/bcrypt-linux-arm-gnueabihf": "@node-rs/bcrypt-linux-arm-gnueabihf@1.9.2",
          "@node-rs/bcrypt-linux-arm64-gnu": "@node-rs/bcrypt-linux-arm64-gnu@1.9.2",
          "@node-rs/bcrypt-linux-arm64-musl": "@node-rs/bcrypt-linux-arm64-musl@1.9.2",
          "@node-rs/bcrypt-linux-x64-gnu": "@node-rs/bcrypt-linux-x64-gnu@1.9.2",
          "@node-rs/bcrypt-linux-x64-musl": "@node-rs/bcrypt-linux-x64-musl@1.9.2",
          "@node-rs/bcrypt-wasm32-wasi": "@node-rs/bcrypt-wasm32-wasi@1.9.2",
          "@node-rs/bcrypt-win32-arm64-msvc": "@node-rs/bcrypt-win32-arm64-msvc@1.9.2",
          "@node-rs/bcrypt-win32-ia32-msvc": "@node-rs/bcrypt-win32-ia32-msvc@1.9.2",
          "@node-rs/bcrypt-win32-x64-msvc": "@node-rs/bcrypt-win32-x64-msvc@1.9.2"
        }
      },
      "@tybys/wasm-util@0.8.3": {
        "integrity": "sha512-Z96T/L6dUFFxgFJ+pQtkPpne9q7i6kIPYCFnQBHSgSPV9idTsKfIhCss0h5iM9irweZCatkrdeP8yi5uM1eX6Q==",
        "dependencies": {
          "tslib": "tslib@2.6.2"
        }
      },
      "arctic@1.1.0": {
        "integrity": "sha512-O2Mcoq991UMI2KCb2zuw7jWfCYCfMu4aveXVDUmfro3MAeq0gMCk7qTl4Y5WB0YXs21xgQFMsh2gs6WBlorAyQ==",
        "dependencies": {
          "oslo": "oslo@1.0.1"
        }
      },
      "copy-anything@3.0.5": {
        "integrity": "sha512-yCEafptTtb4bk7GLEQoM8KVJpxAfdBJYaXyzQEgQQQgYrZiDp8SJmGKlYza6CYjEDNstAdNdKA3UuoULlEbS6w==",
        "dependencies": {
          "is-what": "is-what@4.1.16"
        }
      },
      "is-what@4.1.16": {
        "integrity": "sha512-ZhMwEosbFJkA0YhFnNDgTM4ZxDRsS6HqTo7qsZM08fehyRYIYa0yHu5R6mgo1n/8MgaPBXiPimPD77baVFYg+A==",
        "dependencies": {}
      },
      "lucia@3.0.1": {
        "integrity": "sha512-srwUkTCGgr6N4mFpaKZVZy5kwiRZdsrbIDv9Wrjar+xyw1MjojYQQ7oRbegjRWOZ3yI8xOOclK3sz/rga2J7/w==",
        "dependencies": {
          "oslo": "oslo@1.0.1"
        }
      },
      "oslo@1.0.1": {
        "integrity": "sha512-esfzZry+HfGgK/GCYkg7BRlLd3RH5aHa08wgLJPYjENXybi0BvXxGk0LbUj+lXfz2TkjPDHe4rB/o6JxRLHxBg==",
        "dependencies": {
          "@node-rs/argon2": "@node-rs/argon2@1.7.2",
          "@node-rs/bcrypt": "@node-rs/bcrypt@1.9.2"
        }
      },
      "superjson@1.13.3": {
        "integrity": "sha512-mJiVjfd2vokfDxsQPOwJ/PtanO87LhpYY88ubI5dUB1Ab58Txbyje3+jpm+/83R/fevaq/107NNhtYBLuoTrFg==",
        "dependencies": {
          "copy-anything": "copy-anything@3.0.5"
        }
      },
      "tslib@2.6.2": {
        "integrity": "sha512-AEYxH93jGFPn/a2iVAwW87VuUIkR1FVUKB77NwMF7nBTDkDrrT/Hpt/IrCJ0QXhW27jTBDcf5ZY7w6RiqTMw2Q==",
        "dependencies": {}
      }
    }
  },
  "remote": {
    "https://deno.land/std@0.203.0/dotenv/load.ts": "0636983549b98f29ab75c9a22a42d9723f0a389ece5498fe971e7bb2556a12e2",
    "https://deno.land/std@0.203.0/dotenv/mod.ts": "1da8c6d0e7f7d8a5c2b19400b763bc11739df24acec235dda7ea2cfd3d300057",
    "https://deno.land/x/hono@v3.12.9/adapter/deno/serve-static.ts": "c5663e8b88324076f08fdd042e5b34f91392fbe75a94ffe375f34b3d0d62d9b8",
    "https://deno.land/x/hono@v3.12.9/client/client.ts": "adbae39c26aa53d61a6eb77ab6b758ab1f2c30c443661cd64bb401d643212e79",
    "https://deno.land/x/hono@v3.12.9/client/index.ts": "30def535310a37bede261f1b23d11a9758983b8e9d60a6c56309cee5f6746ab2",
    "https://deno.land/x/hono@v3.12.9/client/types.ts": "f274cd0930b73a05a2aee9e38d6dfdaf9ee89ae8589d4df7beee89e642dd5944",
    "https://deno.land/x/hono@v3.12.9/client/utils.ts": "053273c002963b549d38268a1b423ac8ca211a8028bdab1ed0b781a62aa5e661",
    "https://deno.land/x/hono@v3.12.9/compose.ts": "37d6e33b7db80e4c43a0629b12fd3a1e3406e7d9e62a4bfad4b30426ea7ae4f1",
    "https://deno.land/x/hono@v3.12.9/context.ts": "bb3309ea57fa617714a16a99ab4da02ee4e36419770da6cb0f581fbbef9f541d",
    "https://deno.land/x/hono@v3.12.9/helper.ts": "f3acfb2b30eb0bf854876173b62b3aade6c6c638dc242d4729752f68e9c0be45",
    "https://deno.land/x/hono@v3.12.9/helper/adapter/index.ts": "efb671979d9e523b96fede0eb1d96047c59d65985ce7529a7ecf8eae175bf05e",
    "https://deno.land/x/hono@v3.12.9/helper/cookie/index.ts": "9adc57af5723f16d52ec1162838ac3c77dc2c8b9e216762e7c68106c7468cc77",
    "https://deno.land/x/hono@v3.12.9/helper/css/index.ts": "e04e66a594f30b29ab721e7f078c06791edd23992cb2e0ace28c60ed6133be17",
    "https://deno.land/x/hono@v3.12.9/helper/dev/index.ts": "d8754792bc44418b78ccffebbc81b15ccbe088690c23a923281138633a746e3d",
    "https://deno.land/x/hono@v3.12.9/helper/factory/index.ts": "a560aa9c8f2cf2ef1041b65d4a6007076238479d76eb7970152b533546acab6c",
    "https://deno.land/x/hono@v3.12.9/helper/html/index.ts": "701ed12b808e8c253247edc02c2c4b32261ae899e9c98f1427f7f6eaa8b7d1ce",
    "https://deno.land/x/hono@v3.12.9/helper/streaming/index.ts": "e4955c04cb5fe4d65abec256ff3f598c87958a1cfd9eece1d6de1b56d16c7723",
    "https://deno.land/x/hono@v3.12.9/helper/streaming/sse.ts": "3a10d73592a3af1665b872fce6d8c0417e096703cfcd15f21da3bb357ee6ede4",
    "https://deno.land/x/hono@v3.12.9/helper/streaming/stream.ts": "bb8eee53fadf62fb9c4b4f3ffa2f23ee21bf2337121a6811a5fe18bbbcbe6564",
    "https://deno.land/x/hono@v3.12.9/helper/streaming/text.ts": "df8e941f8f1605b8ee74e7176fc013716203a6961c7b69dc304f5826dfb2383c",
    "https://deno.land/x/hono@v3.12.9/helper/testing/index.ts": "bc49c049aa0d6426417e3d1a2f52a471a09edb1fb8610b7545eae1968e7d7874",
    "https://deno.land/x/hono@v3.12.9/hono-base.ts": "7f578c7a7eced2e2c453230e6d4e2ef06b8c533f033833863d01cbd7b672c375",
    "https://deno.land/x/hono@v3.12.9/hono.ts": "2cc4c292e541463a4d6f83edbcea58048d203e9564ae62ec430a3d466b49a865",
    "https://deno.land/x/hono@v3.12.9/http-exception.ts": "6071df078b5f76d279684d52fe82a590f447a64ffe1b75eb5064d0c8a8d2d676",
    "https://deno.land/x/hono@v3.12.9/jsx/components.ts": "b5b48d6aa6ea871c0ad5f0fc162d2dccc864ba2220586fe20a69cb3682145304",
    "https://deno.land/x/hono@v3.12.9/jsx/index.ts": "c98209a77dc7af01f9f8fc2583d979ac2f3d6d16c60d85f1bfbfc5d4897d9fbb",
    "https://deno.land/x/hono@v3.12.9/jsx/intrinsic-elements.ts": "b1d22cfb6b08a13fda0de0071dbb8c830c3116add3d882bd2ce49f9ee030be66",
    "https://deno.land/x/hono@v3.12.9/jsx/streaming.ts": "034b0bf59f340dc2ec38215410346867721e811d05c40310363a3702121a908c",
    "https://deno.land/x/hono@v3.12.9/middleware.ts": "c88d51cc00818631da6b2aa1aae793ebeb7e0fa4984b2dfd390602bfa4c0dc14",
    "https://deno.land/x/hono@v3.12.9/middleware/basic-auth/index.ts": "fcf7b2c739dd1d65e17433a7d44d680f25c356bbad1e5eec200dce2e30d70081",
    "https://deno.land/x/hono@v3.12.9/middleware/bearer-auth/index.ts": "1bfe631db1661cd342a2220614af5e21455ebea11b8c3ed5f6df7ef8d02b9a54",
    "https://deno.land/x/hono@v3.12.9/middleware/cache/index.ts": "1294ca78a78d0ec279b8b8728837120458eeb429d774715777a412f190950312",
    "https://deno.land/x/hono@v3.12.9/middleware/compress/index.ts": "c053a4c9bb605f0320e014b513cfd44c6cbde6ed49373fd659fa02d697f9df17",
    "https://deno.land/x/hono@v3.12.9/middleware/cors/index.ts": "69e208e2bfd6345f14892e59ea817818373b3ebd74163177d687cd47ddbe1f6c",
    "https://deno.land/x/hono@v3.12.9/middleware/csrf/index.ts": "077bb0ce299d79d0d232cb9e462aaa4eaa901164f1310f74a7630f7e6cfe74e8",
    "https://deno.land/x/hono@v3.12.9/middleware/etag/index.ts": "3392aabea4d02dfec51455c5919bff9aad76538b9fde375dd542fbc3f389dd3a",
    "https://deno.land/x/hono@v3.12.9/middleware/jsx-renderer/index.ts": "8c12ac5b61608a4688e28794927990d1d07ca11de8b9e79bb85e33b1696d790c",
    "https://deno.land/x/hono@v3.12.9/middleware/jwt/index.ts": "7ef27b177110224d2e928eafffaf97972043ea7950520a8d23657612143570d2",
    "https://deno.land/x/hono@v3.12.9/middleware/logger/index.ts": "4baf9217b61f5e9e937c3e4e6cd87508c83603fcee77c33edba0a6ae2cc41ccd",
    "https://deno.land/x/hono@v3.12.9/middleware/powered-by/index.ts": "6faba0cf042278d60b317b690640bb0b58747690cf280fa09024424c5174e66d",
    "https://deno.land/x/hono@v3.12.9/middleware/pretty-json/index.ts": "2216ce4c9910be009fecac63367c3626b46137d4cf7cb9a82913e501104b4a88",
    "https://deno.land/x/hono@v3.12.9/middleware/secure-headers/index.ts": "24cf3544002e882972842800bce223738b32c9c84bef7f74892e994819765f84",
    "https://deno.land/x/hono@v3.12.9/middleware/timing/index.ts": "241702aa10ab66cc832e8b556c57c236f3bf338a8817d802cb142eae0f852582",
    "https://deno.land/x/hono@v3.12.9/request.ts": "689db6514865c2a514e1e2a09801bcda88d5dce0c4950947c2118b60ba583b16",
    "https://deno.land/x/hono@v3.12.9/router.ts": "880316f561918fc197481755aac2165fdbe2f530b925c5357a9f98d6e2cc85c7",
    "https://deno.land/x/hono@v3.12.9/router/reg-exp-router/index.ts": "52755829213941756159b7a963097bafde5cc4fc22b13b1c7c9184dc0512d1db",
    "https://deno.land/x/hono@v3.12.9/router/reg-exp-router/node.ts": "5b3fb80411db04c65df066e69fedb2c8c0844753c2633d703336de84d569252c",
    "https://deno.land/x/hono@v3.12.9/router/reg-exp-router/router.ts": "512c43528739b12aff7c1f45b94a5459505ca88a47140a7d6abe0180cfc1ad00",
    "https://deno.land/x/hono@v3.12.9/router/reg-exp-router/trie.ts": "852ce7207e6701e47fa30889a0d2b8bfcd56d8862c97e7bc9831e0a64bd8835f",
    "https://deno.land/x/hono@v3.12.9/router/smart-router/index.ts": "74f9b4fe15ea535900f2b9b048581915f12fe94e531dd2b0032f5610e61c3bef",
    "https://deno.land/x/hono@v3.12.9/router/smart-router/router.ts": "f1848a2a1eefa316a11853ae12e749552747771fb8a11fe713ae04ea6461140b",
    "https://deno.land/x/hono@v3.12.9/router/trie-router/index.ts": "3eb75e7f71ba81801631b30de6b1f5cefb2c7239c03797e2b2cbab5085911b41",
    "https://deno.land/x/hono@v3.12.9/router/trie-router/node.ts": "0ecb364114463d24dd5806c5b8590268b40784706eb0bfdf1ee4acaaf2e5f35e",
    "https://deno.land/x/hono@v3.12.9/router/trie-router/router.ts": "54ced78d35676302c8fcdda4204f7bdf5a7cc907fbf9967c75674b1e394f830d",
    "https://deno.land/x/hono@v3.12.9/types.ts": "55d97e28f5c1e5db4b1b1566b74cb2d3e8133a466cf6616ca8bdddc223a97f5f",
    "https://deno.land/x/hono@v3.12.9/utils/body.ts": "fe92c854fa0d1b36d1de3351a0041d06bd56c24a18778ae94511ccd9f806c0a2",
    "https://deno.land/x/hono@v3.12.9/utils/buffer.ts": "9066a973e64498cb262c7e932f47eed525a51677b17f90893862b7279dc0773e",
    "https://deno.land/x/hono@v3.12.9/utils/cookie.ts": "7121c9a408de93f8570d6558d35bb76b04eedad6f36e6c484ce85f4ce42b4a65",
    "https://deno.land/x/hono@v3.12.9/utils/crypto.ts": "bda0e141bbe46d3a4a20f8fbcb6380d473b617123d9fdfa93e4499410b537acc",
    "https://deno.land/x/hono@v3.12.9/utils/encode.ts": "3b7c7d736123b5073542b34321700d4dbf5ff129c138f434bb2144a4d425ee89",
    "https://deno.land/x/hono@v3.12.9/utils/filepath.ts": "77b01ccb799dcd3ed60ac2e9726e0b786b47f33308533b5ff9b6430ba8e9299c",
    "https://deno.land/x/hono@v3.12.9/utils/html.ts": "e800e72e2940104e963707edb41a438937693dda8d21bd37a57620e35d36c647",
    "https://deno.land/x/hono@v3.12.9/utils/http-status.ts": "e0c4343ea7717c314dc600131e16b636c29d61cfdaf9df93b267258d1729d1a0",
    "https://deno.land/x/hono@v3.12.9/utils/jwt/index.ts": "5e4b82a42eb3603351dfce726cd781ca41cb57437395409d227131aec348d2d5",
    "https://deno.land/x/hono@v3.12.9/utils/jwt/jwt.ts": "02ff7bbf1298ffcc7a40266842f8eac44b6c136453e32d4441e24d0cbfba3a95",
    "https://deno.land/x/hono@v3.12.9/utils/jwt/types.ts": "58ddf908f76ba18d9c62ddfc2d1e40cc2e306bf987409a6169287efa81ce2546",
    "https://deno.land/x/hono@v3.12.9/utils/mime.ts": "17726536ae8387ca5fd27e015b3379ff632c4722dbedabc71f96159e7eb71250",
    "https://deno.land/x/hono@v3.12.9/utils/stream.ts": "fe5f539a79c476e6af39e2549fa06054ad3c7ff3cbfa2c4c752e879cdd3365d5",
    "https://deno.land/x/hono@v3.12.9/utils/types.ts": "dcbd0047473e87506ae529cdb4a447971159ba11d1d5a14ca6c35af837012a3a",
    "https://deno.land/x/hono@v3.12.9/utils/url.ts": "d9d307a495e7dfc6e916fbcfa74c2d8d23e8e685bddc5e6ebc9c0f784345a01a",
    "https://deno.land/x/hono@v4.3.2/adapter/deno/serve-static.ts": "db226d30f08f1a8bb77653ead42a911357b2f8710d653e43c01eccebb424b295",
    "https://deno.land/x/hono@v4.3.2/adapter/deno/ssg.ts": "49d73dd0d351fc52a54bfc8094096aff957f5a955a3eb976844ed8d88903bc0f",
    "https://deno.land/x/hono@v4.3.2/adapter/deno/websocket.ts": "032bd72f32103ff948e7ad5945ccb6a32e1ccd507ad222758e72a7b3a7828fb5",
    "https://deno.land/x/hono@v4.3.2/client/client.ts": "dcda3887257fa3164db7b32c56665c6e757f0ef047a14f3f9599ef41725c1525",
    "https://deno.land/x/hono@v4.3.2/client/index.ts": "30def535310a37bede261f1b23d11a9758983b8e9d60a6c56309cee5f6746ab2",
    "https://deno.land/x/hono@v4.3.2/client/utils.ts": "8be84b49c5c7952666875a8e901fde3044c85c853ea6ba3a7e2c0468478459c0",
    "https://deno.land/x/hono@v4.3.2/compose.ts": "37d6e33b7db80e4c43a0629b12fd3a1e3406e7d9e62a4bfad4b30426ea7ae4f1",
    "https://deno.land/x/hono@v4.3.2/context.ts": "e5597f5ba4720aca767d7cb6546e1a2884c803292cb587c612b2ea738ef040fd",
    "https://deno.land/x/hono@v4.3.2/helper.ts": "cf9f0fea6a338bea6104ba1518cce84f5d9f826e64e3bfa22dbc49d9ce56b85b",
    "https://deno.land/x/hono@v4.3.2/helper/accepts/accepts.ts": "46330f2ff384b266ab2227f7943366c09d752c9b58e2908e7b7726548e8954d3",
    "https://deno.land/x/hono@v4.3.2/helper/accepts/index.ts": "88a18cb5f7b15ec2bd515b6fbf5a2a8b5f77d1edbd6f7e1632afe5d755b2cf50",
    "https://deno.land/x/hono@v4.3.2/helper/adapter/index.ts": "5a4ca736487a2a8303bdac9fff710eae38e6f39ed70eb171eed78e5f64da84df",
    "https://deno.land/x/hono@v4.3.2/helper/cookie/index.ts": "b3c648b657be2dca4e8ef2f2f6ebf938a312652301bcbc9c92914627ad93a447",
    "https://deno.land/x/hono@v4.3.2/helper/css/common.ts": "596f3e777c11a73be52585c2140e80f8ad87f1ef3c483514480e11fb7394e986",
    "https://deno.land/x/hono@v4.3.2/helper/css/index.ts": "f91b6c473f033c420077554bcc8c11635194e3ee49c974c22bbacf2b3449b63c",
    "https://deno.land/x/hono@v4.3.2/helper/dev/index.ts": "86b2e7a3f8e60138c4280027b7267db41d53fac138cfa5fb4ce6b42045d50bb3",
    "https://deno.land/x/hono@v4.3.2/helper/factory/index.ts": "09a7d82e78b1ba86b9becd3236638148341ad8bc86824f163307ae36c17f18fb",
    "https://deno.land/x/hono@v4.3.2/helper/html/index.ts": "48a0ddc576c10452db6c3cab03dd4ee6986ab61ebdc667335b40a81fa0487f69",
    "https://deno.land/x/hono@v4.3.2/helper/ssg/index.ts": "9ea2cab179971de60993ad23612cb9ce99dba95f9dbe30c641f4a60a5b79b716",
    "https://deno.land/x/hono@v4.3.2/helper/ssg/middleware.ts": "f42dd0b5fe7a71232086ceb7033d1b527e517c1fb1741fd0d2deab77d9467443",
    "https://deno.land/x/hono@v4.3.2/helper/ssg/ssg.ts": "6ce8c4a31961cc0a44f4d3001d77e6b0f3bb62cd31f42ff2e749d7a75b066030",
    "https://deno.land/x/hono@v4.3.2/helper/ssg/utils.ts": "7df163c49161aa3e8312c99e5d584ad5a40f58b7ec55e8871efe64694d81bbb9",
    "https://deno.land/x/hono@v4.3.2/helper/streaming/index.ts": "e4955c04cb5fe4d65abec256ff3f598c87958a1cfd9eece1d6de1b56d16c7723",
    "https://deno.land/x/hono@v4.3.2/helper/streaming/sse.ts": "8b8634c187600b81c38e6ce29290530d0cc8375043c83f99aafc0aa312471ffc",
    "https://deno.land/x/hono@v4.3.2/helper/streaming/stream.ts": "a0eeb52395313ecb293edd1294dc21538b024ce1acc4745671f9f1548825cba2",
    "https://deno.land/x/hono@v4.3.2/helper/streaming/text.ts": "bd8d1973feeabca63016cf638309aaeb829a914bf139a26120ca5c85e2b4ce96",
    "https://deno.land/x/hono@v4.3.2/helper/testing/index.ts": "2684779dc908af65c8dcdbe8841c076c316f37a88ee05293ee177ec801d0062d",
    "https://deno.land/x/hono@v4.3.2/hono-base.ts": "2a508c026687a1fc12c0458e100e66d5d72e17f6e6532b407d19663aa7300327",
    "https://deno.land/x/hono@v4.3.2/hono.ts": "23edd0140bf0bd5a68c14ae96e5856a5cec6b844277e853b91025e91ea74f416",
    "https://deno.land/x/hono@v4.3.2/http-exception.ts": "cd387c6f7357db375ac3375f0346c6da80b46193b661881f660d6b15293fc086",
    "https://deno.land/x/hono@v4.3.2/jsx/base.ts": "33f1c302c8f72ae948abd9c3ef85f4b3be6525251a13b95fd18fe2910b7d4a0d",
    "https://deno.land/x/hono@v4.3.2/jsx/children.ts": "26ead0f151faba5307883614b5b064299558f06798c695c432f32acbb1127d56",
    "https://deno.land/x/hono@v4.3.2/jsx/components.ts": "f79ab215f59388f01a69e2d6ec0b841fd3b42ba38e0ee7c93a525cdf06e159f9",
    "https://deno.land/x/hono@v4.3.2/jsx/constants.ts": "984e0797194be1fbc935cb688c8d0a60c112b21bc59301be5354c02232f18820",
    "https://deno.land/x/hono@v4.3.2/jsx/context.ts": "2b7a86e6b35da171fab27aa05f09748bb3eba64b26c037ea1da655c07e8f6bc1",
    "https://deno.land/x/hono@v4.3.2/jsx/dom/components.ts": "733da654edb3d4c178a4479649fac2c64e79069e37e848add0c3a49f90e7f2d7",
    "https://deno.land/x/hono@v4.3.2/jsx/dom/context.ts": "081f0d5e637be27c642099adb8cb51e4c9d241e66c4e20a1cb9d2f4ae892f957",
    "https://deno.land/x/hono@v4.3.2/jsx/dom/css.ts": "1279c70b1ad1cab6bb99bb121dbbdc9c56308c7ed3bfefc9fd6eb8954dc0ad06",
    "https://deno.land/x/hono@v4.3.2/jsx/dom/jsx-dev-runtime.ts": "210858fc99ea79c4d2f13c9361054bdbf0f378ccb1aa4dd9c389746fd92f1fad",
    "https://deno.land/x/hono@v4.3.2/jsx/dom/jsx-runtime.ts": "6a50a65306771a9000030f494d92a5fdeeb055112e0126234b2fd9179de1d4f5",
    "https://deno.land/x/hono@v4.3.2/jsx/dom/render.ts": "1c91536a6a7c164849f4fb1d47a8018c16274785571a22763a36cb926060febf",
    "https://deno.land/x/hono@v4.3.2/jsx/dom/utils.ts": "5b09c0eba2e4a4c2192e13cf2634b4d3a2538c2c4c3276acd751774033d41d00",
    "https://deno.land/x/hono@v4.3.2/jsx/hooks/index.ts": "783b1d94681cf2e5cbbbb8ac310e9bb2b8ba81cd1378a334ac71c4f53493275d",
    "https://deno.land/x/hono@v4.3.2/jsx/index.ts": "fe3e582c2a4e24e5f8b6027925bddccaae0283747d8f0161eb6f5a34616edd11",
    "https://deno.land/x/hono@v4.3.2/jsx/streaming.ts": "5e5dde9a546041353b9a3860fc9020471f762813f10e1290009ab6bd40e7bdcf",
    "https://deno.land/x/hono@v4.3.2/jsx/types.ts": "51c2bdbb373860e2570ad403546a7fdbbb1cf00a47ce7ed10b2aece922031ac4",
    "https://deno.land/x/hono@v4.3.2/jsx/utils.ts": "4b8299d402ba5395472c552d1fe3297ee60112bfc32e0ef86cfe8e40086f7d54",
    "https://deno.land/x/hono@v4.3.2/middleware.ts": "2e7c6062e36b0e5f84b44a62e7b0e1cef33a9827c19937c648be4b63e1b7d7c6",
    "https://deno.land/x/hono@v4.3.2/middleware/basic-auth/index.ts": "2c8cb563f3b89df1a7a2232be37377c3df6194af38613dc0a823c6595816fc66",
    "https://deno.land/x/hono@v4.3.2/middleware/bearer-auth/index.ts": "b3b7469bc0eb9543c6c47f3ff67de879210dd73063307a61536042ff30e8720e",
    "https://deno.land/x/hono@v4.3.2/middleware/body-limit/index.ts": "3fefeaf7e6e576aa1b33f2694072d2eaab692842acd29cb360d98e20eebfe5aa",
    "https://deno.land/x/hono@v4.3.2/middleware/cache/index.ts": "9bb67a362a9f06151709039a890837b8a1689a5a84a948a9a1483da876a99c0e",
    "https://deno.land/x/hono@v4.3.2/middleware/compress/index.ts": "98c403a5fe7e9c5f5d776350b422b0a125fb34696851b8b14f825b9b7b06f2ac",
    "https://deno.land/x/hono@v4.3.2/middleware/cors/index.ts": "976eb9ce8cefc214b403a2939503a13177cec76223274609a07ca554e0dc623b",
    "https://deno.land/x/hono@v4.3.2/middleware/csrf/index.ts": "077bb0ce299d79d0d232cb9e462aaa4eaa901164f1310f74a7630f7e6cfe74e8",
    "https://deno.land/x/hono@v4.3.2/middleware/etag/index.ts": "3392aabea4d02dfec51455c5919bff9aad76538b9fde375dd542fbc3f389dd3a",
    "https://deno.land/x/hono@v4.3.2/middleware/jsx-renderer/index.ts": "76b08d24c7b8cf3c808dc1d2063358c8b284e4fc48c8966b731a5d32286f62fd",
    "https://deno.land/x/hono@v4.3.2/middleware/jwt/index.ts": "4cb997d3d7a09d0b0c0e273841d29729e13e35dfc00021089aebaad868a7f8c6",
    "https://deno.land/x/hono@v4.3.2/middleware/logger/index.ts": "52a2e968890ada2c11ce89a7a783692c5767b8ed7fb23ccf6b559d255d13ccbc",
    "https://deno.land/x/hono@v4.3.2/middleware/method-override/index.ts": "303797bf0dc0600847f0a5f23a6351232c8bda596a64d38b3ef05e40ca354b42",
    "https://deno.land/x/hono@v4.3.2/middleware/powered-by/index.ts": "6faba0cf042278d60b317b690640bb0b58747690cf280fa09024424c5174e66d",
    "https://deno.land/x/hono@v4.3.2/middleware/pretty-json/index.ts": "2216ce4c9910be009fecac63367c3626b46137d4cf7cb9a82913e501104b4a88",
    "https://deno.land/x/hono@v4.3.2/middleware/secure-headers/index.ts": "7513c2c4211761dd43612545d5c70fb48512fa3ea029131d10affb49d0c98790",
    "https://deno.land/x/hono@v4.3.2/middleware/serve-static/index.ts": "14b760bbbc4478cc3a7fb9728730bc6300581c890365b7101b80c16e70e4b21e",
    "https://deno.land/x/hono@v4.3.2/middleware/timing/index.ts": "dee2269126ca732e57dc62daf72c30fd902536808cc29885dbcf9f708215c7f4",
    "https://deno.land/x/hono@v4.3.2/middleware/trailing-slash/index.ts": "419cf0af99a137f591b72cc71c053e524fe3574393ce81e0e9dbce84a4046e24",
    "https://deno.land/x/hono@v4.3.2/request.ts": "58055abe5a408c523056be7d159c135caf8868721810c34bf9b6565372069e2d",
    "https://deno.land/x/hono@v4.3.2/router.ts": "880316f561918fc197481755aac2165fdbe2f530b925c5357a9f98d6e2cc85c7",
    "https://deno.land/x/hono@v4.3.2/router/reg-exp-router/index.ts": "52755829213941756159b7a963097bafde5cc4fc22b13b1c7c9184dc0512d1db",
    "https://deno.land/x/hono@v4.3.2/router/reg-exp-router/node.ts": "7efaa6f4301efc2aad0519c84973061be8555da02e5868409293a1fd98536aaf",
    "https://deno.land/x/hono@v4.3.2/router/reg-exp-router/router.ts": "632f2fa426b3e45a66aeed03f7205dad6d13e8081bed6f8d1d987b6cad8fb455",
    "https://deno.land/x/hono@v4.3.2/router/reg-exp-router/trie.ts": "852ce7207e6701e47fa30889a0d2b8bfcd56d8862c97e7bc9831e0a64bd8835f",
    "https://deno.land/x/hono@v4.3.2/router/smart-router/index.ts": "74f9b4fe15ea535900f2b9b048581915f12fe94e531dd2b0032f5610e61c3bef",
    "https://deno.land/x/hono@v4.3.2/router/smart-router/router.ts": "f1848a2a1eefa316a11853ae12e749552747771fb8a11fe713ae04ea6461140b",
    "https://deno.land/x/hono@v4.3.2/router/trie-router/index.ts": "3eb75e7f71ba81801631b30de6b1f5cefb2c7239c03797e2b2cbab5085911b41",
    "https://deno.land/x/hono@v4.3.2/router/trie-router/node.ts": "d3e00e8f1ba7fb26896459d5bba882356891a07793387c4655d1864c519a91de",
    "https://deno.land/x/hono@v4.3.2/router/trie-router/router.ts": "54ced78d35676302c8fcdda4204f7bdf5a7cc907fbf9967c75674b1e394f830d",
    "https://deno.land/x/hono@v4.3.2/types.ts": "b561c3ee846121b33c2d81331246cdedf7781636ed72dad7406677105b4275de",
    "https://deno.land/x/hono@v4.3.2/utils/body.ts": "1c7013f83bbef8216b3d862111efd5a183eaa29e86decf9a7eec6cdf25757e93",
    "https://deno.land/x/hono@v4.3.2/utils/buffer.ts": "9066a973e64498cb262c7e932f47eed525a51677b17f90893862b7279dc0773e",
    "https://deno.land/x/hono@v4.3.2/utils/color.ts": "23f8494d4cace2a74d4baf8216c69328ef7e5ed6ca8a402ba92f50144763d927",
    "https://deno.land/x/hono@v4.3.2/utils/concurrent.ts": "789e3d0ee1b106007d0817f668c9f16da1618ef1029773afa0c1a885a5ec4eae",
    "https://deno.land/x/hono@v4.3.2/utils/cookie.ts": "6eaaf6909a4ae11f6c82404e9398e1c247e3f1854d73994a9e2e6fc3cdf7b584",
    "https://deno.land/x/hono@v4.3.2/utils/crypto.ts": "bda0e141bbe46d3a4a20f8fbcb6380d473b617123d9fdfa93e4499410b537acc",
    "https://deno.land/x/hono@v4.3.2/utils/encode.ts": "311dfdfae7eb0b6345e9680f7ebbb3a692e872ed964e2029aca38567af8d1f33",
    "https://deno.land/x/hono@v4.3.2/utils/filepath.ts": "a83e5fe87396bb291a6c5c28e13356fcbea0b5547bad2c3ba9660100ff964000",
    "https://deno.land/x/hono@v4.3.2/utils/handler.ts": "2940f60d3fdae3df1ebde7f88c0f703c64bb1311c2c0a60f97e80a57b5690393",
    "https://deno.land/x/hono@v4.3.2/utils/html.ts": "6ea4f6bf41587a51607dff7a6d2865ef4d5001e4203b07e5c8a45b63a098e871",
    "https://deno.land/x/hono@v4.3.2/utils/jwt/index.ts": "3b66f48cdd3fcc2caed5e908ca31776e11b1c30391008931276da3035e6ba1e9",
    "https://deno.land/x/hono@v4.3.2/utils/jwt/jwa.ts": "6874cacd8b6dde386636b81b5ea2754f8e4c61757802fa908dd1ce54b91a52fa",
    "https://deno.land/x/hono@v4.3.2/utils/jwt/jws.ts": "878fa7d1966b0db20ae231cfee279ba2bb198943e949049cab3f5845cd5ee2d1",
    "https://deno.land/x/hono@v4.3.2/utils/jwt/jwt.ts": "f87d29808aa02022e83b3f7170bc80a6dd4d3e27095cc36da915309e08aa96eb",
    "https://deno.land/x/hono@v4.3.2/utils/jwt/types.ts": "2845fe8633a5d39c958651ffef2733637e1a647f4b7b061de0458f0435f0f0f5",
    "https://deno.land/x/hono@v4.3.2/utils/jwt/utf8.ts": "b9649f21ef91d1e83b3031a53970b29f13ff82053db3ffae372030706fa07d0e",
    "https://deno.land/x/hono@v4.3.2/utils/mime.ts": "d1fc2c047191ccb01d736c6acf90df731324536298181dba0ecc2259e5f7d661",
    "https://deno.land/x/hono@v4.3.2/utils/stream.ts": "491bebbc8cff49eddef05bca2e2d7b7c6d31c8444fdef60ae8a0373df293e6ae",
    "https://deno.land/x/hono@v4.3.2/utils/url.ts": "855169632c61d03703bd08cafb27664ba3fdb352892f01687d5cce8fd49e3cb1"
  },
  "workspace": {
    "dependencies": [
      "jsr:@cotyhamilton/lucia-adapter-denokv@^0.1.1",
      "jsr:@std/dotenv@^0.224.0",
      "npm:arctic@1.1.0",
      "npm:lucia@3.0.1"
    ]
  }
}
