{
  "version": "3",
  "packages": {
    "specifiers": {
      "jsr:@cotyhamilton/lucia-adapter-denokv@0": "jsr:@cotyhamilton/lucia-adapter-denokv@0.1.0",
      "jsr:@cotyhamilton/lucia-adapter-denokv@1.0.0-next.0": "jsr:@cotyhamilton/lucia-adapter-denokv@1.0.0-next.0",
      "npm:arctic@1.1.0": "npm:arctic@1.1.0",
      "npm:lucia@3": "npm:lucia@3.0.1",
      "npm:lucia@3.0.1": "npm:lucia@3.0.1"
    },
    "jsr": {
      "@cotyhamilton/lucia-adapter-denokv@0.1.0": {
        "dependencies": [
          "npm:lucia@3"
        ]
      },
      "@cotyhamilton/lucia-adapter-denokv@1.0.0-next.0": {}
    },
    "npm": {
      "@emnapi/core@0.45.0": {
        "integrity": "sha512-DPWjcUDQkCeEM4VnljEOEcXdAD7pp8zSZsgOujk/LGIwCXWbXJngin+MO4zbH429lzeC3WbYLGjE2MaUOwzpyw==",
        "dependencies": {
          "tslib": "tslib@2.6.2"
        }
      },
      "@emnapi/runtime@0.45.0": {
        "integrity": "sha512-Txumi3td7J4A/xTTwlssKieHKTGl3j4A1tglBx72auZ49YK7ePY6XZricgIg9mnZT4xPfA+UPCUdnhRuEFDL+w==",
        "dependencies": {
          "tslib": "tslib@2.6.2"
        }
      },
      "@napi-rs/wasm-runtime@0.1.1": {
        "integrity": "sha512-ATj9ua659JgrkICjJscaeZdmPr44cb/KFjNWuD0N6pux0SpzaM7+iOuuK11mAnQM2N9q0DT4REu6NkL8ZEhopw==",
        "dependencies": {
          "@emnapi/core": "@emnapi/core@0.45.0",
          "@emnapi/runtime": "@emnapi/runtime@0.45.0",
          "@tybys/wasm-util": "@tybys/wasm-util@0.8.1"
        }
      },
      "@node-rs/argon2-android-arm-eabi@1.7.2": {
        "integrity": "sha512-WhW84XOzdR4AOGc4BJvIg5lCRVBL0pXp/PPCe8QCyWw493p7VdNCdYpr2xdtjS/0zImmY85HNB/6zpzjLRTT/A==",
        "dependencies": {}
      },
      "@node-rs/argon2-android-arm64@1.7.2": {
        "integrity": "sha512-CdtayHSMIyDuVhSYFirwA757c4foQuyTjpysgFJLHweP9C7uDiBf9WBYij+UyabpaCadJ0wPyK6Vakinvlk4/g==",
        "dependencies": {}
      },
      "@node-rs/argon2-darwin-arm64@1.7.2": {
        "integrity": "sha512-hUOhtgYHTEyzX5sgMZVdXunONOus2HWpWydF5D/RYJ1mZ76FXRnFpQE40DqbzisdPIraKdn40m7JqkPP7wqdyg==",
        "dependencies": {}
      },
      "@node-rs/argon2-darwin-x64@1.7.2": {
        "integrity": "sha512-lfs5HX+t542yUfcv6Aa/NeGD1nUCwyQNgnPEGcik71Ow6V13hkR1bHgmT1u3CHN4fBts0gW+DQEDsq1xlVgkvw==",
        "dependencies": {}
      },
      "@node-rs/argon2-freebsd-x64@1.7.2": {
        "integrity": "sha512-ROoF+4VaCBJUjddrTN1hjuqSl89ppRcjVXJscSPJjWzTlbzFmGGovJvIzUBmCr/Oq3yM1zKHj6MP9oRD5cB+/g==",
        "dependencies": {}
      },
      "@node-rs/argon2-linux-arm-gnueabihf@1.7.2": {
        "integrity": "sha512-CBSB8KPI8LS74Bcz3dYaa2/khULutz4vSDvFWUERlSLX+mPdDhoZi6UPuUPPF9e01w8AbiK1YCqlLUTm3tIMfw==",
        "dependencies": {}
      },
      "@node-rs/argon2-linux-arm64-gnu@1.7.2": {
        "integrity": "sha512-6LBTug6ZiWFakP3X3Nqs7ZTM03gmcSWX4YvEn20HhhQE5NDrsrw3zNqGj0cJiNzKKIMSDDuj7uGy+ITEfNo4CA==",
        "dependencies": {}
      },
      "@node-rs/argon2-linux-arm64-musl@1.7.2": {
        "integrity": "sha512-KjhQ+ZPne29t9VRVeIif7JdKwQba+tM6CBNYBoJB1iON0CUKeqSQtZcHuTj9gkf2SNRG5bsU4ABcfxd0OKsKHg==",
        "dependencies": {}
      },
      "@node-rs/argon2-linux-x64-gnu@1.7.2": {
        "integrity": "sha512-BQvp+iLtKqomHz4q5t1aKoni9osgvUDU5sZtHAlFm5dRTlGHnympcQVATRE5GHyH9C6MIM9W7P1kqEeCLGPolQ==",
        "dependencies": {}
      },
      "@node-rs/argon2-linux-x64-musl@1.7.2": {
        "integrity": "sha512-yXJudpBZQ98g+lWaHn9EzZ5KsAyqRdlpub/K+5NP7gHehb8wzBRIFAejIHAG0fvzQEEc86VOnV2koWIVZxWAvw==",
        "dependencies": {}
      },
      "@node-rs/argon2-wasm32-wasi@1.7.2": {
        "integrity": "sha512-diXlVjJZY2GIV8ZDwUqXPhacXsFR0klGSv5D9f+XidwWXK4udtzDhkM/7N/Mb7h1HAWaxZ6IN9spYFjvWH1wqg==",
        "dependencies": {
          "@napi-rs/wasm-runtime": "@napi-rs/wasm-runtime@0.1.1"
        }
      },
      "@node-rs/argon2-win32-arm64-msvc@1.7.2": {
        "integrity": "sha512-dhIBrY04P9nbmwzBpgERQDmmSu4YBZyeEE32t4TikMz5rQ07iaVC+JpGmtCBZoDIsLDHGC8cikENd3YEqpqIcA==",
        "dependencies": {}
      },
      "@node-rs/argon2-win32-ia32-msvc@1.7.2": {
        "integrity": "sha512-o1tfqr8gyALCzuxBoQfvhxkeYMaw/0H8Gmt7klTYyEIBvEFu7SD5qytXO9Px7t5420nZL/Wy5cflg3IB1s57Pg==",
        "dependencies": {}
      },
      "@node-rs/argon2-win32-x64-msvc@1.7.2": {
        "integrity": "sha512-v0h53XUc7hNgWiWi0qcMcHvj9/kwuItI9NwLK4C+gtzT3UB0cedhfIL8HFMKThMXasy41ZdbpCF2Bi0kJoLNEg==",
        "dependencies": {}
      },
      "@node-rs/argon2@1.7.2": {
        "integrity": "sha512-+H6pc3M1vIX9YnG59YW7prHhhpv19P8YyxlXHnnFzTimf2q+kKDF7mGWbhvN9STqIY+P70Patn0Q6qb6Ib5/4g==",
        "dependencies": {
          "@node-rs/argon2-android-arm-eabi": "@node-rs/argon2-android-arm-eabi@1.7.2",
          "@node-rs/argon2-android-arm64": "@node-rs/argon2-android-arm64@1.7.2",
          "@node-rs/argon2-darwin-arm64": "@node-rs/argon2-darwin-arm64@1.7.2",
          "@node-rs/argon2-darwin-x64": "@node-rs/argon2-darwin-x64@1.7.2",
          "@node-rs/argon2-freebsd-x64": "@node-rs/argon2-freebsd-x64@1.7.2",
          "@node-rs/argon2-linux-arm-gnueabihf": "@node-rs/argon2-linux-arm-gnueabihf@1.7.2",
          "@node-rs/argon2-linux-arm64-gnu": "@node-rs/argon2-linux-arm64-gnu@1.7.2",
          "@node-rs/argon2-linux-arm64-musl": "@node-rs/argon2-linux-arm64-musl@1.7.2",
          "@node-rs/argon2-linux-x64-gnu": "@node-rs/argon2-linux-x64-gnu@1.7.2",
          "@node-rs/argon2-linux-x64-musl": "@node-rs/argon2-linux-x64-musl@1.7.2",
          "@node-rs/argon2-wasm32-wasi": "@node-rs/argon2-wasm32-wasi@1.7.2",
          "@node-rs/argon2-win32-arm64-msvc": "@node-rs/argon2-win32-arm64-msvc@1.7.2",
          "@node-rs/argon2-win32-ia32-msvc": "@node-rs/argon2-win32-ia32-msvc@1.7.2",
          "@node-rs/argon2-win32-x64-msvc": "@node-rs/argon2-win32-x64-msvc@1.7.2"
        }
      },
      "@node-rs/bcrypt-android-arm-eabi@1.9.2": {
        "integrity": "sha512-er/Q2khwpan9pczvTTqY/DJE4UU65u31xd0NkZlHUTKyB7djRhWfzoGexGx2GN+k831/RR3U8kKE/8QUHeO3hQ==",
        "dependencies": {}
      },
      "@node-rs/bcrypt-android-arm64@1.9.2": {
        "integrity": "sha512-OUYatOEG5vbLbF73q2TC8UqrDO81zUQxnaFD/OAB1hcm6J+ur0zJ8E53c35/DIqkTp7JarPMraC4rouJ2ugN4w==",
        "dependencies": {}
      },
      "@node-rs/bcrypt-darwin-arm64@1.9.2": {
        "integrity": "sha512-svJKsGbzMAxOB5oluOYneN4YkKUy26WSMgm3KOIhgoX30IeMilj+2jFN/5qrI0oDZ0Iczb3XyL5DuZFtEkdP8A==",
        "dependencies": {}
      },
      "@node-rs/bcrypt-darwin-x64@1.9.2": {
        "integrity": "sha512-9OrySjBi/rWix8NZWD/TrNbNcwMY0pAiMHdL09aJnJ07uPih83GGh1pq4UHCYFCMy7iTX8swOmDlGBUImkOZbg==",
        "dependencies": {}
      },
      "@node-rs/bcrypt-freebsd-x64@1.9.2": {
        "integrity": "sha512-/djXV71RO6g5L1mI2pVvmp3x3pH7G4uKI3ODG1JBIXoz334oOcCMh40sB0uq0ljP8WEadker01p4T1rJE98fpg==",
        "dependencies": {}
      },
      "@node-rs/bcrypt-linux-arm-gnueabihf@1.9.2": {
        "integrity": "sha512-F7wP950OTAooxEleUN4I2hqryGZK7hi1cSgRF13Wvbc597RFux35KiSxIXUA3mNt2DE7lV2PeceEtCOScaThWQ==",
        "dependencies": {}
      },
      "@node-rs/bcrypt-linux-arm64-gnu@1.9.2": {
        "integrity": "sha512-MehG+yQ0TgKMgKR1rO4hdvHkVsTM91Cof8qI9EJlS5+7+QSwfFA5O0zGwCkISD7bsyauJ5uJgcByGjpEobAHOg==",
        "dependencies": {}
      },
      "@node-rs/bcrypt-linux-arm64-musl@1.9.2": {
        "integrity": "sha512-PRZTAJjOwKEGsIhmBvfNh81So+wGl4QyCFAt23j+KwBujLStjC0N3YaqtTlWVKG9tcriPtmMYiAQtXWIyIgg/w==",
        "dependencies": {}
      },
      "@node-rs/bcrypt-linux-x64-gnu@1.9.2": {
        "integrity": "sha512-5WfGO+O1m7nJ55WZ8XDq+ItA98Z4O7sNWsR+1nIj9YGT+Tx5zkQ2RBhpK6oCWZMluuZ0eKQ0FDmyP6K+2NDRIA==",
        "dependencies": {}
      },
      "@node-rs/bcrypt-linux-x64-musl@1.9.2": {
        "integrity": "sha512-VjCn0388p6PMCVUYHgYmHZrKNc7WwNJRr2WLJsHbQRGDOKbpNL6YolCjQxUchcSPDhzwrq1cIdy4j0fpoXEsdw==",
        "dependencies": {}
      },
      "@node-rs/bcrypt-wasm32-wasi@1.9.2": {
        "integrity": "sha512-P06aHfMzm9makwU+nM7WA65yQnS1xuqJ8l/6I/LvXjnl+lfB3DtJ2B0CSLtjnUGpUgcHbWl5gEbNnTPxSAirjQ==",
        "dependencies": {
          "@napi-rs/wasm-runtime": "@napi-rs/wasm-runtime@0.1.1"
        }
      },
      "@node-rs/bcrypt-win32-arm64-msvc@1.9.2": {
        "integrity": "sha512-Iyo/Q5/eNw27VRd3mLBgh1b9b5fnT3QHTVwxv3Siv/MRAIfJXH/cTOe18qSwYQzNh0ZioW4yemFPYCWSZi7szA==",
        "dependencies": {}
      },
      "@node-rs/bcrypt-win32-ia32-msvc@1.9.2": {
        "integrity": "sha512-6LHWMaPylyyHoS5863YpxAACVB8DWCxro5W6pQ4h8WKSgHpJp8Um9jphTdN0A2w45HZjUnfcFuiFFC+TbftjCw==",
        "dependencies": {}
      },
      "@node-rs/bcrypt-win32-x64-msvc@1.9.2": {
        "integrity": "sha512-vZ9T1MOaYkLO9FTyl28YX0SYJneiYTKNFgM8PUv8nas8xrD+7OzokA0fEtlNp6413T7IKSD/iG9qi8nTWsiyGg==",
        "dependencies": {}
      },
      "@node-rs/bcrypt@1.9.2": {
        "integrity": "sha512-FKUo9iCSIti+ldwoOlY1ztyIFhZxEgT7jZ/UCt/9bg1rLmNdbQQD2JKIMImDCqmTWuLPY4ZF4Q5MyOMIfDCd8Q==",
        "dependencies": {
          "@node-rs/bcrypt-android-arm-eabi": "@node-rs/bcrypt-android-arm-eabi@1.9.2",
          "@node-rs/bcrypt-android-arm64": "@node-rs/bcrypt-android-arm64@1.9.2",
          "@node-rs/bcrypt-darwin-arm64": "@node-rs/bcrypt-darwin-arm64@1.9.2",
          "@node-rs/bcrypt-darwin-x64": "@node-rs/bcrypt-darwin-x64@1.9.2",
          "@node-rs/bcrypt-freebsd-x64": "@node-rs/bcrypt-freebsd-x64@1.9.2",
          "@node-rs/bcrypt-linux-arm-gnueabihf": "@node-rs/bcrypt-linux-arm-gnueabihf@1.9.2",
          "@node-rs/bcrypt-linux-arm64-gnu": "@node-rs/bcrypt-linux-arm64-gnu@1.9.2",
          "@node-rs/bcrypt-linux-arm64-musl": "@node-rs/bcrypt-linux-arm64-musl@1.9.2",
          "@node-rs/bcrypt-linux-x64-gnu": "@node-rs/bcrypt-linux-x64-gnu@1.9.2",
          "@node-rs/bcrypt-linux-x64-musl": "@node-rs/bcrypt-linux-x64-musl@1.9.2",
          "@node-rs/bcrypt-wasm32-wasi": "@node-rs/bcrypt-wasm32-wasi@1.9.2",
          "@node-rs/bcrypt-win32-arm64-msvc": "@node-rs/bcrypt-win32-arm64-msvc@1.9.2",
          "@node-rs/bcrypt-win32-ia32-msvc": "@node-rs/bcrypt-win32-ia32-msvc@1.9.2",
          "@node-rs/bcrypt-win32-x64-msvc": "@node-rs/bcrypt-win32-x64-msvc@1.9.2"
        }
      },
      "@tybys/wasm-util@0.8.1": {
        "integrity": "sha512-GSsTwyBl4pIzsxAY5wroZdyQKyhXk0d8PCRZtrSZ2WEB1cBdrp2EgGBwHOGCZtIIPun/DL3+AykCv+J6fyRH4Q==",
        "dependencies": {
          "tslib": "tslib@2.6.2"
        }
      },
      "arctic@1.1.0": {
        "integrity": "sha512-O2Mcoq991UMI2KCb2zuw7jWfCYCfMu4aveXVDUmfro3MAeq0gMCk7qTl4Y5WB0YXs21xgQFMsh2gs6WBlorAyQ==",
        "dependencies": {
          "oslo": "oslo@1.0.1"
        }
      },
      "lucia@3.0.1": {
        "integrity": "sha512-srwUkTCGgr6N4mFpaKZVZy5kwiRZdsrbIDv9Wrjar+xyw1MjojYQQ7oRbegjRWOZ3yI8xOOclK3sz/rga2J7/w==",
        "dependencies": {
          "oslo": "oslo@1.0.1"
        }
      },
      "oslo@1.0.1": {
        "integrity": "sha512-esfzZry+HfGgK/GCYkg7BRlLd3RH5aHa08wgLJPYjENXybi0BvXxGk0LbUj+lXfz2TkjPDHe4rB/o6JxRLHxBg==",
        "dependencies": {
          "@node-rs/argon2": "@node-rs/argon2@1.7.2",
          "@node-rs/bcrypt": "@node-rs/bcrypt@1.9.2"
        }
      },
      "tslib@2.6.2": {
        "integrity": "sha512-AEYxH93jGFPn/a2iVAwW87VuUIkR1FVUKB77NwMF7nBTDkDrrT/Hpt/IrCJ0QXhW27jTBDcf5ZY7w6RiqTMw2Q==",
        "dependencies": {}
      }
    }
  },
  "remote": {
    "https://deno.land/std@0.213.0/dotenv/mod.ts": "46cc7a78cf3f7ba533c8c9b90407a365f925be332ebdc867a1f502614e3d8523",
    "https://deno.land/std@0.213.0/dotenv/parse.ts": "55d5d1a5ba76c1324e6dc2f2f7917f03c47e5da5c2c55af11fd0fe2d6a3d3a2e",
    "https://deno.land/std@0.213.0/dotenv/stringify.ts": "0047ad7068289735d08964046aea267a750c141b494ca0e38831b89be6c020c2",
    "https://deno.land/x/hono@v3.12.9/adapter/deno/serve-static.ts": "c5663e8b88324076f08fdd042e5b34f91392fbe75a94ffe375f34b3d0d62d9b8",
    "https://deno.land/x/hono@v3.12.9/client/client.ts": "adbae39c26aa53d61a6eb77ab6b758ab1f2c30c443661cd64bb401d643212e79",
    "https://deno.land/x/hono@v3.12.9/client/index.ts": "30def535310a37bede261f1b23d11a9758983b8e9d60a6c56309cee5f6746ab2",
    "https://deno.land/x/hono@v3.12.9/client/utils.ts": "053273c002963b549d38268a1b423ac8ca211a8028bdab1ed0b781a62aa5e661",
    "https://deno.land/x/hono@v3.12.9/compose.ts": "37d6e33b7db80e4c43a0629b12fd3a1e3406e7d9e62a4bfad4b30426ea7ae4f1",
    "https://deno.land/x/hono@v3.12.9/context.ts": "bb3309ea57fa617714a16a99ab4da02ee4e36419770da6cb0f581fbbef9f541d",
    "https://deno.land/x/hono@v3.12.9/helper.ts": "f3acfb2b30eb0bf854876173b62b3aade6c6c638dc242d4729752f68e9c0be45",
    "https://deno.land/x/hono@v3.12.9/helper/adapter/index.ts": "efb671979d9e523b96fede0eb1d96047c59d65985ce7529a7ecf8eae175bf05e",
    "https://deno.land/x/hono@v3.12.9/helper/cookie/index.ts": "9adc57af5723f16d52ec1162838ac3c77dc2c8b9e216762e7c68106c7468cc77",
    "https://deno.land/x/hono@v3.12.9/helper/css/index.ts": "e04e66a594f30b29ab721e7f078c06791edd23992cb2e0ace28c60ed6133be17",
    "https://deno.land/x/hono@v3.12.9/helper/dev/index.ts": "d8754792bc44418b78ccffebbc81b15ccbe088690c23a923281138633a746e3d",
    "https://deno.land/x/hono@v3.12.9/helper/factory/index.ts": "a560aa9c8f2cf2ef1041b65d4a6007076238479d76eb7970152b533546acab6c",
    "https://deno.land/x/hono@v3.12.9/helper/html/index.ts": "701ed12b808e8c253247edc02c2c4b32261ae899e9c98f1427f7f6eaa8b7d1ce",
    "https://deno.land/x/hono@v3.12.9/helper/streaming/index.ts": "e4955c04cb5fe4d65abec256ff3f598c87958a1cfd9eece1d6de1b56d16c7723",
    "https://deno.land/x/hono@v3.12.9/helper/streaming/sse.ts": "3a10d73592a3af1665b872fce6d8c0417e096703cfcd15f21da3bb357ee6ede4",
    "https://deno.land/x/hono@v3.12.9/helper/streaming/stream.ts": "bb8eee53fadf62fb9c4b4f3ffa2f23ee21bf2337121a6811a5fe18bbbcbe6564",
    "https://deno.land/x/hono@v3.12.9/helper/streaming/text.ts": "df8e941f8f1605b8ee74e7176fc013716203a6961c7b69dc304f5826dfb2383c",
    "https://deno.land/x/hono@v3.12.9/helper/testing/index.ts": "bc49c049aa0d6426417e3d1a2f52a471a09edb1fb8610b7545eae1968e7d7874",
    "https://deno.land/x/hono@v3.12.9/hono-base.ts": "7f578c7a7eced2e2c453230e6d4e2ef06b8c533f033833863d01cbd7b672c375",
    "https://deno.land/x/hono@v3.12.9/hono.ts": "2cc4c292e541463a4d6f83edbcea58048d203e9564ae62ec430a3d466b49a865",
    "https://deno.land/x/hono@v3.12.9/http-exception.ts": "6071df078b5f76d279684d52fe82a590f447a64ffe1b75eb5064d0c8a8d2d676",
    "https://deno.land/x/hono@v3.12.9/jsx/components.ts": "b5b48d6aa6ea871c0ad5f0fc162d2dccc864ba2220586fe20a69cb3682145304",
    "https://deno.land/x/hono@v3.12.9/jsx/index.ts": "c98209a77dc7af01f9f8fc2583d979ac2f3d6d16c60d85f1bfbfc5d4897d9fbb",
    "https://deno.land/x/hono@v3.12.9/jsx/streaming.ts": "034b0bf59f340dc2ec38215410346867721e811d05c40310363a3702121a908c",
    "https://deno.land/x/hono@v3.12.9/middleware.ts": "c88d51cc00818631da6b2aa1aae793ebeb7e0fa4984b2dfd390602bfa4c0dc14",
    "https://deno.land/x/hono@v3.12.9/middleware/basic-auth/index.ts": "fcf7b2c739dd1d65e17433a7d44d680f25c356bbad1e5eec200dce2e30d70081",
    "https://deno.land/x/hono@v3.12.9/middleware/bearer-auth/index.ts": "1bfe631db1661cd342a2220614af5e21455ebea11b8c3ed5f6df7ef8d02b9a54",
    "https://deno.land/x/hono@v3.12.9/middleware/cache/index.ts": "1294ca78a78d0ec279b8b8728837120458eeb429d774715777a412f190950312",
    "https://deno.land/x/hono@v3.12.9/middleware/compress/index.ts": "c053a4c9bb605f0320e014b513cfd44c6cbde6ed49373fd659fa02d697f9df17",
    "https://deno.land/x/hono@v3.12.9/middleware/cors/index.ts": "69e208e2bfd6345f14892e59ea817818373b3ebd74163177d687cd47ddbe1f6c",
    "https://deno.land/x/hono@v3.12.9/middleware/csrf/index.ts": "077bb0ce299d79d0d232cb9e462aaa4eaa901164f1310f74a7630f7e6cfe74e8",
    "https://deno.land/x/hono@v3.12.9/middleware/etag/index.ts": "3392aabea4d02dfec51455c5919bff9aad76538b9fde375dd542fbc3f389dd3a",
    "https://deno.land/x/hono@v3.12.9/middleware/jsx-renderer/index.ts": "8c12ac5b61608a4688e28794927990d1d07ca11de8b9e79bb85e33b1696d790c",
    "https://deno.land/x/hono@v3.12.9/middleware/jwt/index.ts": "7ef27b177110224d2e928eafffaf97972043ea7950520a8d23657612143570d2",
    "https://deno.land/x/hono@v3.12.9/middleware/logger/index.ts": "4baf9217b61f5e9e937c3e4e6cd87508c83603fcee77c33edba0a6ae2cc41ccd",
    "https://deno.land/x/hono@v3.12.9/middleware/powered-by/index.ts": "6faba0cf042278d60b317b690640bb0b58747690cf280fa09024424c5174e66d",
    "https://deno.land/x/hono@v3.12.9/middleware/pretty-json/index.ts": "2216ce4c9910be009fecac63367c3626b46137d4cf7cb9a82913e501104b4a88",
    "https://deno.land/x/hono@v3.12.9/middleware/secure-headers/index.ts": "24cf3544002e882972842800bce223738b32c9c84bef7f74892e994819765f84",
    "https://deno.land/x/hono@v3.12.9/middleware/timing/index.ts": "241702aa10ab66cc832e8b556c57c236f3bf338a8817d802cb142eae0f852582",
    "https://deno.land/x/hono@v3.12.9/request.ts": "689db6514865c2a514e1e2a09801bcda88d5dce0c4950947c2118b60ba583b16",
    "https://deno.land/x/hono@v3.12.9/router.ts": "880316f561918fc197481755aac2165fdbe2f530b925c5357a9f98d6e2cc85c7",
    "https://deno.land/x/hono@v3.12.9/router/reg-exp-router/index.ts": "52755829213941756159b7a963097bafde5cc4fc22b13b1c7c9184dc0512d1db",
    "https://deno.land/x/hono@v3.12.9/router/reg-exp-router/node.ts": "5b3fb80411db04c65df066e69fedb2c8c0844753c2633d703336de84d569252c",
    "https://deno.land/x/hono@v3.12.9/router/reg-exp-router/router.ts": "512c43528739b12aff7c1f45b94a5459505ca88a47140a7d6abe0180cfc1ad00",
    "https://deno.land/x/hono@v3.12.9/router/reg-exp-router/trie.ts": "852ce7207e6701e47fa30889a0d2b8bfcd56d8862c97e7bc9831e0a64bd8835f",
    "https://deno.land/x/hono@v3.12.9/router/smart-router/index.ts": "74f9b4fe15ea535900f2b9b048581915f12fe94e531dd2b0032f5610e61c3bef",
    "https://deno.land/x/hono@v3.12.9/router/smart-router/router.ts": "f1848a2a1eefa316a11853ae12e749552747771fb8a11fe713ae04ea6461140b",
    "https://deno.land/x/hono@v3.12.9/router/trie-router/index.ts": "3eb75e7f71ba81801631b30de6b1f5cefb2c7239c03797e2b2cbab5085911b41",
    "https://deno.land/x/hono@v3.12.9/router/trie-router/node.ts": "0ecb364114463d24dd5806c5b8590268b40784706eb0bfdf1ee4acaaf2e5f35e",
    "https://deno.land/x/hono@v3.12.9/router/trie-router/router.ts": "54ced78d35676302c8fcdda4204f7bdf5a7cc907fbf9967c75674b1e394f830d",
    "https://deno.land/x/hono@v3.12.9/types.ts": "55d97e28f5c1e5db4b1b1566b74cb2d3e8133a466cf6616ca8bdddc223a97f5f",
    "https://deno.land/x/hono@v3.12.9/utils/body.ts": "fe92c854fa0d1b36d1de3351a0041d06bd56c24a18778ae94511ccd9f806c0a2",
    "https://deno.land/x/hono@v3.12.9/utils/buffer.ts": "9066a973e64498cb262c7e932f47eed525a51677b17f90893862b7279dc0773e",
    "https://deno.land/x/hono@v3.12.9/utils/cookie.ts": "7121c9a408de93f8570d6558d35bb76b04eedad6f36e6c484ce85f4ce42b4a65",
    "https://deno.land/x/hono@v3.12.9/utils/crypto.ts": "bda0e141bbe46d3a4a20f8fbcb6380d473b617123d9fdfa93e4499410b537acc",
    "https://deno.land/x/hono@v3.12.9/utils/encode.ts": "3b7c7d736123b5073542b34321700d4dbf5ff129c138f434bb2144a4d425ee89",
    "https://deno.land/x/hono@v3.12.9/utils/filepath.ts": "77b01ccb799dcd3ed60ac2e9726e0b786b47f33308533b5ff9b6430ba8e9299c",
    "https://deno.land/x/hono@v3.12.9/utils/html.ts": "e800e72e2940104e963707edb41a438937693dda8d21bd37a57620e35d36c647",
    "https://deno.land/x/hono@v3.12.9/utils/jwt/index.ts": "5e4b82a42eb3603351dfce726cd781ca41cb57437395409d227131aec348d2d5",
    "https://deno.land/x/hono@v3.12.9/utils/jwt/jwt.ts": "02ff7bbf1298ffcc7a40266842f8eac44b6c136453e32d4441e24d0cbfba3a95",
    "https://deno.land/x/hono@v3.12.9/utils/jwt/types.ts": "58ddf908f76ba18d9c62ddfc2d1e40cc2e306bf987409a6169287efa81ce2546",
    "https://deno.land/x/hono@v3.12.9/utils/mime.ts": "17726536ae8387ca5fd27e015b3379ff632c4722dbedabc71f96159e7eb71250",
    "https://deno.land/x/hono@v3.12.9/utils/stream.ts": "fe5f539a79c476e6af39e2549fa06054ad3c7ff3cbfa2c4c752e879cdd3365d5",
    "https://deno.land/x/hono@v3.12.9/utils/url.ts": "d9d307a495e7dfc6e916fbcfa74c2d8d23e8e685bddc5e6ebc9c0f784345a01a",
    "https://jsr.io/@cotyhamilton/lucia-adapter-denokv/0.1.0/mod.ts": "6453e33cc1104cb0daa911da0ac5e5d7870a2757f6462fb1b7365fa8d87c3f66",
    "https://jsr.io/@cotyhamilton/lucia-adapter-denokv/1.0.0-next.0/mod.ts": "6453e33cc1104cb0daa911da0ac5e5d7870a2757f6462fb1b7365fa8d87c3f66",
    "https://raw.githubusercontent.com/cotyhamilton/lucia-auth-adapter-deno-kv/main/mod.ts": "4d53d7f15bfd9685c7289c689148f1106ffd92216e23d42da277283eb16353dd"
  },
  "workspace": {
    "dependencies": [
      "npm:arctic@1.1.0",
      "npm:lucia@3.0.1"
    ]
  }
}
